// !$*UTF8*$!
{
	archiveVersion = 1;
	classes = {
	};
	objectVersion = 46;
	objects = {

/* Begin PBXBuildFile section */
		753491441DEE999E003BC38D /* AppDelegate.swift in Sources */ = {isa = PBXBuildFile; fileRef = 753491431DEE999E003BC38D /* AppDelegate.swift */; };
		753491461DEE999E003BC38D /* ViewController.swift in Sources */ = {isa = PBXBuildFile; fileRef = 753491451DEE999E003BC38D /* ViewController.swift */; };
		753491481DEE999E003BC38D /* Assets.xcassets in Resources */ = {isa = PBXBuildFile; fileRef = 753491471DEE999E003BC38D /* Assets.xcassets */; };
		7534914B1DEE999E003BC38D /* Main.storyboard in Resources */ = {isa = PBXBuildFile; fileRef = 753491491DEE999E003BC38D /* Main.storyboard */; };
		753491541DEE99FD003BC38D /* MyWindowController.swift in Sources */ = {isa = PBXBuildFile; fileRef = 753491521DEE99FD003BC38D /* MyWindowController.swift */; };
/* End PBXBuildFile section */

/* Begin PBXFileReference section */
		753491401DEE999E003BC38D /* TouchBarDemoCode.app */ = {isa = PBXFileReference; explicitFileType = wrapper.application; includeInIndex = 0; path = TouchBarDemoCode.app; sourceTree = BUILT_PRODUCTS_DIR; };
		753491431DEE999E003BC38D /* AppDelegate.swift */ = {isa = PBXFileReference; lastKnownFileType = sourcecode.swift; path = AppDelegate.swift; sourceTree = "<group>"; };
		753491451DEE999E003BC38D /* ViewController.swift */ = {isa = PBXFileReference; lastKnownFileType = sourcecode.swift; path = ViewController.swift; sourceTree = "<group>"; };
		753491471DEE999E003BC38D /* Assets.xcassets */ = {isa = PBXFileReference; lastKnownFileType = folder.assetcatalog; path = Assets.xcassets; sourceTree = "<group>"; };
		7534914A1DEE999E003BC38D /* Base */ = {isa = PBXFileReference; lastKnownFileType = file.storyboard; name = Base; path = Base.lproj/Main.storyboard; sourceTree = "<group>"; };
		7534914C1DEE999E003BC38D /* Info.plist */ = {isa = PBXFileReference; lastKnownFileType = text.plist.xml; path = Info.plist; sourceTree = "<group>"; };
		753491521DEE99FD003BC38D /* MyWindowController.swift */ = {isa = PBXFileReference; fileEncoding = 4; lastKnownFileType = sourcecode.swift; path = MyWindowController.swift; sourceTree = "<group>"; };
/* End PBXFileReference section */

/* Begin PBXFrameworksBuildPhase section */
		7534913D1DEE999E003BC38D /* Frameworks */ = {
			isa = PBXFrameworksBuildPhase;
			buildActionMask = 2147483647;
			files = (
			);
			runOnlyForDeploymentPostprocessing = 0;
		};
/* End PBXFrameworksBuildPhase section */

/* Begin PBXGroup section */
		753491371DEE999E003BC38D = {
			isa = PBXGroup;
			children = (
				753491421DEE999E003BC38D /* TouchBarDemoCode */,
				753491411DEE999E003BC38D /* Products */,
			);
			sourceTree = "<group>";
		};
		753491411DEE999E003BC38D /* Products */ = {
			isa = PBXGroup;
			children = (
				753491401DEE999E003BC38D /* TouchBarDemoCode.app */,
			);
			name = Products;
			sourceTree = "<group>";
		};
		753491421DEE999E003BC38D /* TouchBarDemoCode */ = {
			isa = PBXGroup;
			children = (
				753491431DEE999E003BC38D /* AppDelegate.swift */,
				753491451DEE999E003BC38D /* ViewController.swift */,
				753491521DEE99FD003BC38D /* MyWindowController.swift */,
				753491471DEE999E003BC38D /* Assets.xcassets */,
				753491491DEE999E003BC38D /* Main.storyboard */,
				7534914C1DEE999E003BC38D /* Info.plist */,
			);
			path = TouchBarDemoCode;
			sourceTree = "<group>";
		};
/* End PBXGroup section */

/* Begin PBXNativeTarget section */
		7534913F1DEE999E003BC38D /* TouchBarDemoCode */ = {
			isa = PBXNativeTarget;
			buildConfigurationList = 7534914F1DEE999E003BC38D /* Build configuration list for PBXNativeTarget "TouchBarDemoCode" */;
			buildPhases = (
				7534913C1DEE999E003BC38D /* Sources */,
				7534913D1DEE999E003BC38D /* Frameworks */,
				7534913E1DEE999E003BC38D /* Resources */,
			);
			buildRules = (
			);
			dependencies = (
			);
			name = TouchBarDemoCode;
			productName = TouchBarDemoCode;
			productReference = 753491401DEE999E003BC38D /* TouchBarDemoCode.app */;
			productType = "com.apple.product-type.application";
		};
/* End PBXNativeTarget section */

/* Begin PBXProject section */
		753491381DEE999E003BC38D /* Project object */ = {
			isa = PBXProject;
			attributes = {
				LastSwiftUpdateCheck = 0810;
				LastUpgradeCheck = 0810;
				ORGANIZATIONNAME = "Razvan Bunea";
				TargetAttributes = {
					7534913F1DEE999E003BC38D = {
						CreatedOnToolsVersion = 8.1;
						ProvisioningStyle = Automatic;
					};
				};
			};
			buildConfigurationList = 7534913B1DEE999E003BC38D /* Build configuration list for PBXProject "TouchBarDemoCode" */;
			compatibilityVersion = "Xcode 3.2";
			developmentRegion = English;
			hasScannedForEncodings = 0;
			knownRegions = (
				en,
				Base,
			);
			mainGroup = 753491371DEE999E003BC38D;
			productRefGroup = 753491411DEE999E003BC38D /* Products */;
			projectDirPath = "";
			projectRoot = "";
			targets = (
				7534913F1DEE999E003BC38D /* TouchBarDemoCode */,
			);
		};
/* End PBXProject section */

/* Begin PBXResourcesBuildPhase section */
		7534913E1DEE999E003BC38D /* Resources */ = {
			isa = PBXResourcesBuildPhase;
			buildActionMask = 2147483647;
			files = (
				753491481DEE999E003BC38D /* Assets.xcassets in Resources */,
				7534914B1DEE999E003BC38D /* Main.storyboard in Resources */,
			);
			runOnlyForDeploymentPostprocessing = 0;
		};
/* End PBXResourcesBuildPhase section */

/* Begin PBXSourcesBuildPhase section */
		7534913C1DEE999E003BC38D /* Sources */ = {
			isa = PBXSourcesBuildPhase;
			buildActionMask = 2147483647;
			files = (
				753491541DEE99FD003BC38D /* MyWindowController.swift in Sources */,
				753491461DEE999E003BC38D /* ViewController.swift in Sources */,
				753491441DEE999E003BC38D /* AppDelegate.swift in Sources */,
			);
			runOnlyForDeploymentPostprocessing = 0;
		};
/* End PBXSourcesBuildPhase section */

/* Begin PBXVariantGroup section */
		753491491DEE999E003BC38D /* Main.storyboard */ = {
			isa = PBXVariantGroup;
			children = (
				7534914A1DEE999E003BC38D /* Base */,
			);
			name = Main.storyboard;
			sourceTree = "<group>";
		};
/* End PBXVariantGroup section */

/* Begin XCBuildConfiguration section */
		7534914D1DEE999E003BC38D /* Debug */ = {
			isa = XCBuildConfiguration;
			buildSettings = {
				ALWAYS_SEARCH_USER_PATHS = NO;
				CLANG_ANALYZER_NONNULL = YES;
				CLANG_CXX_LANGUAGE_STANDARD = "gnu++0x";
				CLANG_CXX_LIBRARY = "libc++";
				CLANG_ENABLE_MODULES = YES;
				CLANG_ENABLE_OBJC_ARC = YES;
				CLANG_WARN_BOOL_CONVERSION = YES;
				CLANG_WARN_CONSTANT_CONVERSION = YES;
				CLANG_WARN_DIRECT_OBJC_ISA_USAGE = YES_ERROR;
				CLANG_WARN_DOCUMENTATION_COMMENTS = YES;
				CLANG_WARN_EMPTY_BODY = YES;
				CLANG_WARN_ENUM_CONVERSION = YES;
				CLANG_WARN_INFINITE_RECURSION = YES;
				CLANG_WARN_INT_CONVERSION = YES;
				CLANG_WARN_OBJC_ROOT_CLASS = YES_ERROR;
				CLANG_WARN_SUSPICIOUS_MOVES = YES;
				CLANG_WARN_UNREACHABLE_CODE = YES;
				CLANG_WARN__DUPLICATE_METHOD_MATCH = YES;
				CODE_SIGN_IDENTITY = "-";
				COPY_PHASE_STRIP = NO;
				DEBUG_INFORMATION_FORMAT = dwarf;
				ENABLE_STRICT_OBJC_MSGSEND = YES;
				ENABLE_TESTABILITY = YES;
				GCC_C_LANGUAGE_STANDARD = gnu99;
				GCC_DYNAMIC_NO_PIC = NO;
				GCC_NO_COMMON_BLOCKS = YES;
				GCC_OPTIMIZATION_LEVEL = 0;
				GCC_PREPROCESSOR_DEFINITIONS = (
					"DEBUG=1",
					"$(inherited)",
				);
				GCC_WARN_64_TO_32_BIT_CONVERSION = YES;
				GCC_WARN_ABOUT_RETURN_TYPE = YES_ERROR;
				GCC_WARN_UNDECLARED_SELECTOR = YES;
				GCC_WARN_UNINITIALIZED_AUTOS = YES_AGGRESSIVE;
				GCC_WARN_UNUSED_FUNCTION = YES;
				GCC_WARN_UNUSED_VARIABLE = YES;
				MACOSX_DEPLOYMENT_TARGET = 10.12;
				MTL_ENABLE_DEBUG_INFO = YES;
				ONLY_ACTIVE_ARCH = YES;
				SDKROOT = macosx;
				SWIFT_ACTIVE_COMPILATION_CONDITIONS = DEBUG;
				SWIFT_OPTIMIZATION_LEVEL = "-Onone";
			};
			name = Debug;
		};
		7534914E1DEE999E003BC38D /* Release */ = {
			isa = XCBuildConfiguration;
			buildSettings = {
				ALWAYS_SEARCH_USER_PATHS = NO;
				CLANG_ANALYZER_NONNULL = YES;
				CLANG_CXX_LANGUAGE_STANDARD = "gnu++0x";
				CLANG_CXX_LIBRARY = "libc++";
				CLANG_ENABLE_MODULES = YES;
				CLANG_ENABLE_OBJC_ARC = YES;
				CLANG_WARN_BOOL_CONVERSION = YES;
				CLANG_WARN_CONSTANT_CONVERSION = YES;
				CLANG_WARN_DIRECT_OBJC_ISA_USAGE = YES_ERROR;
				CLANG_WARN_DOCUMENTATION_COMMENTS = YES;
				CLANG_WARN_EMPTY_BODY = YES;
				CLANG_WARN_ENUM_CONVERSION = YES;
				CLANG_WARN_INFINITE_RECURSION = YES;
				CLANG_WARN_INT_CONVERSION = YES;
				CLANG_WARN_OBJC_ROOT_CLASS = YES_ERROR;
				CLANG_WARN_SUSPICIOUS_MOVES = YES;
				CLANG_WARN_UNREACHABLE_CODE = YES;
				CLANG_WARN__DUPLICATE_METHOD_MATCH = YES;
				CODE_SIGN_IDENTITY = "-";
				COPY_PHASE_STRIP = NO;
				DEBUG_INFORMATION_FORMAT = "dwarf-with-dsym";
				ENABLE_NS_ASSERTIONS = NO;
				ENABLE_STRICT_OBJC_MSGSEND = YES;
				GCC_C_LANGUAGE_STANDARD = gnu99;
				GCC_NO_COMMON_BLOCKS = YES;
				GCC_WARN_64_TO_32_BIT_CONVERSION = YES;
				GCC_WARN_ABOUT_RETURN_TYPE = YES_ERROR;
				GCC_WARN_UNDECLARED_SELECTOR = YES;
				GCC_WARN_UNINITIALIZED_AUTOS = YES_AGGRESSIVE;
				GCC_WARN_UNUSED_FUNCTION = YES;
				GCC_WARN_UNUSED_VARIABLE = YES;
				MACOSX_DEPLOYMENT_TARGET = 10.12;
				MTL_ENABLE_DEBUG_INFO = NO;
				SDKROOT = macosx;
				SWIFT_OPTIMIZATION_LEVEL = "-Owholemodule";
			};
			name = Release;
		};
		753491501DEE999E003BC38D /* Debug */ = {
			isa = XCBuildConfiguration;
			buildSettings = {
				ASSETCATALOG_COMPILER_APPICON_NAME = AppIcon;
				COMBINE_HIDPI_IMAGES = YES;
				INFOPLIST_FILE = TouchBarDemoCode/Info.plist;
				LD_RUNPATH_SEARCH_PATHS = "$(inherited) @executable_path/../Frameworks";
				PRODUCT_BUNDLE_IDENTIFIER = net.razvan.macos.TouchBarDemoCode;
				PRODUCT_NAME = "$(TARGET_NAME)";
				SWIFT_VERSION = 3.0;
			};
			name = Debug;
		};
		753491511DEE999E003BC38D /* Release */ = {
			isa = XCBuildConfiguration;
			buildSettings = {
				ASSETCATALOG_COMPILER_APPICON_NAME = AppIcon;
				COMBINE_HIDPI_IMAGES = YES;
				INFOPLIST_FILE = TouchBarDemoCode/Info.plist;
				LD_RUNPATH_SEARCH_PATHS = "$(inherited) @executable_path/../Frameworks";
				PRODUCT_BUNDLE_IDENTIFIER = net.razvan.macos.TouchBarDemoCode;
				PRODUCT_NAME = "$(TARGET_NAME)";
				SWIFT_VERSION = 3.0;
			};
			name = Release;
		};
/* End XCBuildConfiguration section */

/* Begin XCConfigurationList section */
		7534913B1DEE999E003BC38D /* Build configuration list for PBXProject "TouchBarDemoCode" */ = {
			isa = XCConfigurationList;
			buildConfigurations = (
				7534914D1DEE999E003BC38D /* Debug */,
				7534914E1DEE999E003BC38D /* Release */,
			);
			defaultConfigurationIsVisible = 0;
			defaultConfigurationName = Release;
		};
		7534914F1DEE999E003BC38D /* Build configuration list for PBXNativeTarget "TouchBarDemoCode" */ = {
			isa = XCConfigurationList;
			buildConfigurations = (
				753491501DEE999E003BC38D /* Debug */,
				753491511DEE999E003BC38D /* Release */,
			);
			defaultConfigurationIsVisible = 0;
		};
/* End XCConfigurationList section */
	};
	rootObject = 753491381DEE999E003BC38D /* Project object */;
}
